
Microsoft Visual Studio Solution File, Format Version 12.00
# Visual Studio 14
VisualStudioVersion = 14.0.23107.0
MinimumVisualStudioVersion = 10.0.40219.1
Project("{FAE04EC0-301F-11D3-BF4B-00C04F79EFBC}") = "FBLAdesktopApp3", "FBLAdesktopApp3\FBLAdesktopApp3.csproj", "{B1BB3CFB-6FAF-4596-8F7D-74DC0D6DED8F}"
EndProject
Global
	GlobalSection(SolutionConfigurationPlatforms) = preSolution
		Debug|Any CPU = Debug|Any CPU
		Release|Any CPU = Release|Any CPU
	EndGlobalSection
	GlobalSection(ProjectConfigurationPlatforms) = postSolution
		{B1BB3CFB-6FAF-4596-8F7D-74DC0D6DED8F}.Debug|Any CPU.ActiveCfg = Debug|Any CPU
		{B1BB3CFB-6FAF-4596-8F7D-74DC0D6DED8F}.Debug|Any CPU.Build.0 = Debug|Any CPU
		{B1BB3CFB-6FAF-4596-8F7D-74DC0D6DED8F}.Release|Any CPU.ActiveCfg = Release|Any CPU
		{B1BB3CFB-6FAF-4596-8F7D-74DC0D6DED8F}.Release|Any CPU.Build.0 = Release|Any CPU
	EndGlobalSection
	GlobalSection(SolutionProperties) = preSolution
		HideSolutionNode = FALSE
	EndGlobalSection
EndGlobal
